
Microsoft Visual Studio Solution File, Format Version 12.00
# Visual Studio 15
VisualStudioVersion = 15.0.28010.2019
MinimumVisualStudioVersion = 10.0.40219.1
Project("{FAE04EC0-301F-11D3-BF4B-00C04F79EFBC}") = "WBE_SumOfDigits", "WBE_SumOfDigits\WBE_SumOfDigits.csproj", "{82A73B87-F2EF-4298-97DF-1C4774DDF479}"
EndProject
Global
	GlobalSection(SolutionConfigurationPlatforms) = preSolution
		Debug|Any CPU = Debug|Any CPU
		Release|Any CPU = Release|Any CPU
	EndGlobalSection
	GlobalSection(ProjectConfigurationPlatforms) = postSolution
		{82A73B87-F2EF-4298-97DF-1C4774DDF479}.Debug|Any CPU.ActiveCfg = Debug|Any CPU
		{82A73B87-F2EF-4298-97DF-1C4774DDF479}.Debug|Any CPU.Build.0 = Debug|Any CPU
		{82A73B87-F2EF-4298-97DF-1C4774DDF479}.Release|Any CPU.ActiveCfg = Release|Any CPU
		{82A73B87-F2EF-4298-97DF-1C4774DDF479}.Release|Any CPU.Build.0 = Release|Any CPU
	EndGlobalSection
	GlobalSection(SolutionProperties) = preSolution
		HideSolutionNode = FALSE
	EndGlobalSection
	GlobalSection(ExtensibilityGlobals) = postSolution
		SolutionGuid = {1963CD53-C807-45CA-9B7D-11163D7F4A24}
	EndGlobalSection
EndGlobal
